
Microsoft Visual Studio Solution File, Format Version 12.00
# Visual Studio Version 16
VisualStudioVersion = 16.0.31515.178
MinimumVisualStudioVersion = 10.0.40219.1
Project("{FAE04EC0-301F-11D3-BF4B-00C04F79EFBC}") = "PickRandomCards", "PickRandomCards\PickRandomCards.csproj", "{B9D6189E-302A-4495-B5CC-B2F024FE6542}"
EndProject
Global
	GlobalSection(SolutionConfigurationPlatforms) = preSolution
		Debug|Any CPU = Debug|Any CPU
		Release|Any CPU = Release|Any CPU
	EndGlobalSection
	GlobalSection(ProjectConfigurationPlatforms) = postSolution
		{B9D6189E-302A-4495-B5CC-B2F024FE6542}.Debug|Any CPU.ActiveCfg = Debug|Any CPU
		{B9D6189E-302A-4495-B5CC-B2F024FE6542}.Debug|Any CPU.Build.0 = Debug|Any CPU
		{B9D6189E-302A-4495-B5CC-B2F024FE6542}.Release|Any CPU.ActiveCfg = Release|Any CPU
		{B9D6189E-302A-4495-B5CC-B2F024FE6542}.Release|Any CPU.Build.0 = Release|Any CPU
	EndGlobalSection
	GlobalSection(SolutionProperties) = preSolution
		HideSolutionNode = FALSE
	EndGlobalSection
	GlobalSection(ExtensibilityGlobals) = postSolution
		SolutionGuid = {FD11CB98-E5B3-4E34-80D2-435C029C51F5}
	EndGlobalSection
EndGlobal
